
Microsoft Visual Studio Solution File, Format Version 12.00
# Visual Studio Version 17
VisualStudioVersion = 17.0.31903.59
MinimumVisualStudioVersion = 10.0.40219.1
Project("{FAE04EC0-301F-11D3-BF4B-00C04F79EFBC}") = "Example.MondayCom.App", "src\Example.MondayCom.App\Example.MondayCom.App.csproj", "{1E4751DE-6CF3-4030-959E-D894D579396E}"
EndProject
Project("{FAE04EC0-301F-11D3-BF4B-00C04F79EFBC}") = "Example.MondayCom.Services", "src\Example.MondayCom.Services\Example.MondayCom.Services.csproj", "{9B67FB62-3369-4618-BB64-E44AD58647F2}"
EndProject
Global
	GlobalSection(SolutionConfigurationPlatforms) = preSolution
		Debug|Any CPU = Debug|Any CPU
		Release|Any CPU = Release|Any CPU
	EndGlobalSection
	GlobalSection(SolutionProperties) = preSolution
		HideSolutionNode = FALSE
	EndGlobalSection
	GlobalSection(ProjectConfigurationPlatforms) = postSolution
		{1E4751DE-6CF3-4030-959E-D894D579396E}.Debug|Any CPU.ActiveCfg = Debug|Any CPU
		{1E4751DE-6CF3-4030-959E-D894D579396E}.Debug|Any CPU.Build.0 = Debug|Any CPU
		{1E4751DE-6CF3-4030-959E-D894D579396E}.Release|Any CPU.ActiveCfg = Release|Any CPU
		{1E4751DE-6CF3-4030-959E-D894D579396E}.Release|Any CPU.Build.0 = Release|Any CPU
		{9B67FB62-3369-4618-BB64-E44AD58647F2}.Debug|Any CPU.ActiveCfg = Debug|Any CPU
		{9B67FB62-3369-4618-BB64-E44AD58647F2}.Debug|Any CPU.Build.0 = Debug|Any CPU
		{9B67FB62-3369-4618-BB64-E44AD58647F2}.Release|Any CPU.ActiveCfg = Release|Any CPU
		{9B67FB62-3369-4618-BB64-E44AD58647F2}.Release|Any CPU.Build.0 = Release|Any CPU
	EndGlobalSection
EndGlobal
